
Microsoft Visual Studio Solution File, Format Version 12.00
# Visual Studio Version 17
VisualStudioVersion = 17.11.35303.130
MinimumVisualStudioVersion = 10.0.40219.1
Project("{2150E333-8FDC-42A3-9474-1A3956D46DE8}") = "Task0", "Task0", "{21BD9713-E148-49C1-B095-A583CC87EC8C}"
EndProject
Project("{9A19103F-16F7-4668-BE54-9A1E7A4F7556}") = "Tyuiu.BaldinAA.Sprint6.Task0.V21.Test", "Tyuiu.BaldinAA.Sprint6.Task0.V21.Test\Tyuiu.BaldinAA.Sprint6.Task0.V21.Test.csproj", "{7E35B7EF-4A29-4AD9-8AB1-50AF4115D317}"
EndProject
Project("{FAE04EC0-301F-11D3-BF4B-00C04F79EFBC}") = "Tyuiu.BaldinAA.Sprint6.Task0.V21.Lib", "Tyuiu.BaldinAA.Sprint6.Task0.V21.Lib\Tyuiu.BaldinAA.Sprint6.Task0.V21.Lib.csproj", "{C7974088-3CC5-4893-A979-1482892798D4}"
EndProject
Project("{FAE04EC0-301F-11D3-BF4B-00C04F79EFBC}") = "Tyuiu.BaldinAA.Sprint6.Task0.V21", "Tyuiu.BaldinAA.Sprint6.Task0.V21\Tyuiu.BaldinAA.Sprint6.Task0.V21.csproj", "{2AA7DF13-99C5-4596-BCB5-F44D7F291B01}"
EndProject
Global
	GlobalSection(SolutionConfigurationPlatforms) = preSolution
		Debug|Any CPU = Debug|Any CPU
		Release|Any CPU = Release|Any CPU
	EndGlobalSection
	GlobalSection(ProjectConfigurationPlatforms) = postSolution
		{7E35B7EF-4A29-4AD9-8AB1-50AF4115D317}.Debug|Any CPU.ActiveCfg = Debug|Any CPU
		{7E35B7EF-4A29-4AD9-8AB1-50AF4115D317}.Debug|Any CPU.Build.0 = Debug|Any CPU
		{7E35B7EF-4A29-4AD9-8AB1-50AF4115D317}.Release|Any CPU.ActiveCfg = Release|Any CPU
		{7E35B7EF-4A29-4AD9-8AB1-50AF4115D317}.Release|Any CPU.Build.0 = Release|Any CPU
		{C7974088-3CC5-4893-A979-1482892798D4}.Debug|Any CPU.ActiveCfg = Debug|Any CPU
		{C7974088-3CC5-4893-A979-1482892798D4}.Debug|Any CPU.Build.0 = Debug|Any CPU
		{C7974088-3CC5-4893-A979-1482892798D4}.Release|Any CPU.ActiveCfg = Release|Any CPU
		{C7974088-3CC5-4893-A979-1482892798D4}.Release|Any CPU.Build.0 = Release|Any CPU
		{2AA7DF13-99C5-4596-BCB5-F44D7F291B01}.Debug|Any CPU.ActiveCfg = Debug|Any CPU
		{2AA7DF13-99C5-4596-BCB5-F44D7F291B01}.Debug|Any CPU.Build.0 = Debug|Any CPU
		{2AA7DF13-99C5-4596-BCB5-F44D7F291B01}.Release|Any CPU.ActiveCfg = Release|Any CPU
		{2AA7DF13-99C5-4596-BCB5-F44D7F291B01}.Release|Any CPU.Build.0 = Release|Any CPU
	EndGlobalSection
	GlobalSection(SolutionProperties) = preSolution
		HideSolutionNode = FALSE
	EndGlobalSection
	GlobalSection(NestedProjects) = preSolution
		{7E35B7EF-4A29-4AD9-8AB1-50AF4115D317} = {21BD9713-E148-49C1-B095-A583CC87EC8C}
		{C7974088-3CC5-4893-A979-1482892798D4} = {21BD9713-E148-49C1-B095-A583CC87EC8C}
		{2AA7DF13-99C5-4596-BCB5-F44D7F291B01} = {21BD9713-E148-49C1-B095-A583CC87EC8C}
	EndGlobalSection
	GlobalSection(ExtensibilityGlobals) = postSolution
		SolutionGuid = {1669296D-BB6E-4A0C-9215-FA9E227A879A}
	EndGlobalSection
EndGlobal
