
Microsoft Visual Studio Solution File, Format Version 12.00
# Visual Studio Version 17
VisualStudioVersion = 17.11.35303.130
MinimumVisualStudioVersion = 10.0.40219.1
Project("{2150E333-8FDC-42A3-9474-1A3956D46DE8}") = "Task0", "Task0", "{21BD9713-E148-49C1-B095-A583CC87EC8C}"
EndProject
Project("{9A19103F-16F7-4668-BE54-9A1E7A4F7556}") = "Tyuiu.BaldinAA.Sprint6.Task0.V21.Test", "Tyuiu.BaldinAA.Sprint6.Task0.V21.Test\Tyuiu.BaldinAA.Sprint6.Task0.V21.Test.csproj", "{7E35B7EF-4A29-4AD9-8AB1-50AF4115D317}"
EndProject
Project("{9A19103F-16F7-4668-BE54-9A1E7A4F7556}") = "Tyuiu.BaldinAA.Sprint6.Task0.V21.Lib", "Tyuiu.BaldinAA.Sprint6.Task0.V21.Lib\Tyuiu.BaldinAA.Sprint6.Task0.V21.Lib.csproj", "{C7974088-3CC5-4893-A979-1482892798D4}"
EndProject
Project("{9A19103F-16F7-4668-BE54-9A1E7A4F7556}") = "Tyuiu.BaldinAA.Sprint6.Task0.V21", "Tyuiu.BaldinAA.Sprint6.Task0.V21\Tyuiu.BaldinAA.Sprint6.Task0.V21.csproj", "{2AA7DF13-99C5-4596-BCB5-F44D7F291B01}"
EndProject
Project("{2150E333-8FDC-42A3-9474-1A3956D46DE8}") = "Task1", "Task1", "{8F6AB9ED-E0A3-4E61-B0AE-00A319986DC6}"
EndProject
Project("{9A19103F-16F7-4668-BE54-9A1E7A4F7556}") = "Tyuiu.BaldinAA.Sprint6.Task1.V19", "Tyuiu.BaldinAA.Sprint6.Task1.V19\Tyuiu.BaldinAA.Sprint6.Task1.V19.csproj", "{D93F5C21-A811-4399-99A5-3FC983B81103}"
EndProject
Project("{9A19103F-16F7-4668-BE54-9A1E7A4F7556}") = "Tyuiu.BaldinAA.Sprint6.Task1.V19.Lib", "Tyuiu.BaldinAA.Sprint6.Task1.V19.Lib\Tyuiu.BaldinAA.Sprint6.Task1.V19.Lib.csproj", "{16AA378B-68FC-4C02-8DD1-CFEDBE410379}"
EndProject
Project("{9A19103F-16F7-4668-BE54-9A1E7A4F7556}") = "Tyuiu.BaldinAA.Sprint6.Task1.V19.Test", "Tyuiu.BaldinAA.Sprint6.Task1.V19.Test\Tyuiu.BaldinAA.Sprint6.Task1.V19.Test.csproj", "{C3413835-E254-4ACE-9EFB-0822D53B1C0A}"
EndProject
Project("{2150E333-8FDC-42A3-9474-1A3956D46DE8}") = "Task2", "Task2", "{5D5F18E3-FA23-4B3D-B695-142AEAEF160E}"
EndProject
Project("{9A19103F-16F7-4668-BE54-9A1E7A4F7556}") = "Tyuiu.BaldinAA.Sprint6.Task2.V25", "Tyuiu.BaldinAA.Sprint6.Task2.V25\Tyuiu.BaldinAA.Sprint6.Task2.V25.csproj", "{D600B08B-9DBB-4BCC-AF4D-A7BBEB670128}"
EndProject
Project("{9A19103F-16F7-4668-BE54-9A1E7A4F7556}") = "Tyuiu.BaldinAA.Sprint6.Task2.V25.Lib", "Tyuiu.BaldinAA.Sprint6.Task2.V25.Lib\Tyuiu.BaldinAA.Sprint6.Task2.V25.Lib.csproj", "{421AC3A2-F6BC-47F9-8B5C-C10D032E987E}"
EndProject
Project("{9A19103F-16F7-4668-BE54-9A1E7A4F7556}") = "Tyuiu.BaldinAA.Sprint6.Task2.V25.Test", "Tyuiu.BaldinAA.Sprint6.Task2.V25.Test\Tyuiu.BaldinAA.Sprint6.Task2.V25.Test.csproj", "{696DB6BE-CBBB-4BA4-AA69-5BE45DC9DE9B}"
EndProject
Project("{2150E333-8FDC-42A3-9474-1A3956D46DE8}") = "Task3", "Task3", "{93A642B2-660C-4B35-A749-726090A53745}"
EndProject
Project("{9A19103F-16F7-4668-BE54-9A1E7A4F7556}") = "Tyuiu.BaldinAA.Sprint6.Task3.V25", "Tyuiu.BaldinAA.Sprint6.Task3.V25\Tyuiu.BaldinAA.Sprint6.Task3.V25.csproj", "{49B3C79E-3961-47A4-8847-13BB5B278347}"
EndProject
Project("{9A19103F-16F7-4668-BE54-9A1E7A4F7556}") = "Tyuiu.BaldinAA.Sprint6.Task3.V25.Lib", "Tyuiu.BaldinAA.Sprint6.Task3.V25.Lib\Tyuiu.BaldinAA.Sprint6.Task3.V25.Lib.csproj", "{4AEE7950-36CF-48F2-8037-A9CEC55A4166}"
EndProject
Project("{9A19103F-16F7-4668-BE54-9A1E7A4F7556}") = "Tyuiu.BaldinAA.Sprint6.Task3.V25.Test", "Tyuiu.BaldinAA.Sprint6.Task3.V25.Test\Tyuiu.BaldinAA.Sprint6.Task3.V25.Test.csproj", "{BFD19E0A-84BC-4B07-9920-855F6F18F4FF}"
EndProject
Project("{2150E333-8FDC-42A3-9474-1A3956D46DE8}") = "Task4", "Task4", "{BF5D01C3-3AB2-43B2-9EDE-C047308C8AFE}"
EndProject
Project("{9A19103F-16F7-4668-BE54-9A1E7A4F7556}") = "Tyuiu.BaldinAA.Sprint6.Task4.V11", "Tyuiu.BaldinAA.Sprint6.Task4.V11\Tyuiu.BaldinAA.Sprint6.Task4.V11.csproj", "{05EA38AE-7D7C-4905-8396-6AB404D56278}"
EndProject
Project("{9A19103F-16F7-4668-BE54-9A1E7A4F7556}") = "Tyuiu.BaldinAA.Sprint6.Task4.V11.Lib", "Tyuiu.BaldinAA.Sprint6.Task4.V11.Lib\Tyuiu.BaldinAA.Sprint6.Task4.V11.Lib.csproj", "{21CFC96E-A0CE-4C1B-9BBB-D7A652AC82E4}"
EndProject
Project("{9A19103F-16F7-4668-BE54-9A1E7A4F7556}") = "Tyuiu.BaldinAA.Sprint6.Task4.V11.Test", "Tyuiu.BaldinAA.Sprint6.Task4.V11.Test\Tyuiu.BaldinAA.Sprint6.Task4.V11.Test.csproj", "{4C897A58-7BA3-4AD3-9C38-C0B742E0A14B}"
EndProject
Project("{2150E333-8FDC-42A3-9474-1A3956D46DE8}") = "Task5", "Task5", "{B422EBAD-707A-421B-9EE2-C8DB05A56996}"
EndProject
Project("{9A19103F-16F7-4668-BE54-9A1E7A4F7556}") = "Tyuiu.BaldinAA.Sprint6.Task5.V18", "Tyuiu.BaldinAA.Sprint6.Task5.V18\Tyuiu.BaldinAA.Sprint6.Task5.V18.csproj", "{BB7401F2-D337-44BF-8A73-64D0F758DDC0}"
EndProject
Project("{9A19103F-16F7-4668-BE54-9A1E7A4F7556}") = "Tyuiu.BaldinAA.Sprint6.Task5.V18.Lib", "Tyuiu.BaldinAA.Sprint6.Task5.V18.Lib\Tyuiu.BaldinAA.Sprint6.Task5.V18.Lib.csproj", "{CE6D598B-176E-493C-B728-5213AB5A03E2}"
EndProject
Project("{9A19103F-16F7-4668-BE54-9A1E7A4F7556}") = "Tyuiu.BaldinAA.Sprint6.Task5.V18.Test", "Tyuiu.BaldinAA.Sprint6.Task5.V18.Test\Tyuiu.BaldinAA.Sprint6.Task5.V18.Test.csproj", "{50DFA570-D725-4B85-A7F1-0AB0ADEFB187}"
EndProject
Project("{2150E333-8FDC-42A3-9474-1A3956D46DE8}") = "Task6", "Task6", "{AE4FBF9D-4B13-4251-8DD3-E65D8B292209}"
EndProject
Project("{9A19103F-16F7-4668-BE54-9A1E7A4F7556}") = "Tyuiu.BaldinAA.Sprint6.Task6.V26", "Tyuiu.BaldinAA.Sprint6.Task6.V26\Tyuiu.BaldinAA.Sprint6.Task6.V26.csproj", "{1AEB32C8-46B5-4D15-80C0-873890ABA5FA}"
EndProject
Project("{9A19103F-16F7-4668-BE54-9A1E7A4F7556}") = "Tyuiu.BaldinAA.Sprint6.Task6.V26.Lib", "Tyuiu.BaldinAA.Sprint6.Task6.V26.Lib\Tyuiu.BaldinAA.Sprint6.Task6.V26.Lib.csproj", "{C186D0D4-4E72-476E-BC52-00D8DBEDAD46}"
EndProject
Project("{9A19103F-16F7-4668-BE54-9A1E7A4F7556}") = "Tyuiu.BaldinAA.Sprint6.Task6.V26.Test", "Tyuiu.BaldinAA.Sprint6.Task6.V26.Test\Tyuiu.BaldinAA.Sprint6.Task6.V26.Test.csproj", "{077250B2-8D10-44D1-A661-3723A2D08B42}"
EndProject
Global
	GlobalSection(SolutionConfigurationPlatforms) = preSolution
		Debug|Any CPU = Debug|Any CPU
		Release|Any CPU = Release|Any CPU
	EndGlobalSection
	GlobalSection(ProjectConfigurationPlatforms) = postSolution
		{7E35B7EF-4A29-4AD9-8AB1-50AF4115D317}.Debug|Any CPU.ActiveCfg = Debug|Any CPU
		{7E35B7EF-4A29-4AD9-8AB1-50AF4115D317}.Debug|Any CPU.Build.0 = Debug|Any CPU
		{7E35B7EF-4A29-4AD9-8AB1-50AF4115D317}.Release|Any CPU.ActiveCfg = Release|Any CPU
		{7E35B7EF-4A29-4AD9-8AB1-50AF4115D317}.Release|Any CPU.Build.0 = Release|Any CPU
		{C7974088-3CC5-4893-A979-1482892798D4}.Debug|Any CPU.ActiveCfg = Debug|Any CPU
		{C7974088-3CC5-4893-A979-1482892798D4}.Debug|Any CPU.Build.0 = Debug|Any CPU
		{C7974088-3CC5-4893-A979-1482892798D4}.Release|Any CPU.ActiveCfg = Release|Any CPU
		{C7974088-3CC5-4893-A979-1482892798D4}.Release|Any CPU.Build.0 = Release|Any CPU
		{2AA7DF13-99C5-4596-BCB5-F44D7F291B01}.Debug|Any CPU.ActiveCfg = Debug|Any CPU
		{2AA7DF13-99C5-4596-BCB5-F44D7F291B01}.Debug|Any CPU.Build.0 = Debug|Any CPU
		{2AA7DF13-99C5-4596-BCB5-F44D7F291B01}.Release|Any CPU.ActiveCfg = Release|Any CPU
		{2AA7DF13-99C5-4596-BCB5-F44D7F291B01}.Release|Any CPU.Build.0 = Release|Any CPU
		{D93F5C21-A811-4399-99A5-3FC983B81103}.Debug|Any CPU.ActiveCfg = Debug|Any CPU
		{D93F5C21-A811-4399-99A5-3FC983B81103}.Debug|Any CPU.Build.0 = Debug|Any CPU
		{D93F5C21-A811-4399-99A5-3FC983B81103}.Release|Any CPU.ActiveCfg = Release|Any CPU
		{D93F5C21-A811-4399-99A5-3FC983B81103}.Release|Any CPU.Build.0 = Release|Any CPU
		{16AA378B-68FC-4C02-8DD1-CFEDBE410379}.Debug|Any CPU.ActiveCfg = Debug|Any CPU
		{16AA378B-68FC-4C02-8DD1-CFEDBE410379}.Debug|Any CPU.Build.0 = Debug|Any CPU
		{16AA378B-68FC-4C02-8DD1-CFEDBE410379}.Release|Any CPU.ActiveCfg = Release|Any CPU
		{16AA378B-68FC-4C02-8DD1-CFEDBE410379}.Release|Any CPU.Build.0 = Release|Any CPU
		{C3413835-E254-4ACE-9EFB-0822D53B1C0A}.Debug|Any CPU.ActiveCfg = Debug|Any CPU
		{C3413835-E254-4ACE-9EFB-0822D53B1C0A}.Debug|Any CPU.Build.0 = Debug|Any CPU
		{C3413835-E254-4ACE-9EFB-0822D53B1C0A}.Release|Any CPU.ActiveCfg = Release|Any CPU
		{C3413835-E254-4ACE-9EFB-0822D53B1C0A}.Release|Any CPU.Build.0 = Release|Any CPU
		{D600B08B-9DBB-4BCC-AF4D-A7BBEB670128}.Debug|Any CPU.ActiveCfg = Debug|Any CPU
		{D600B08B-9DBB-4BCC-AF4D-A7BBEB670128}.Debug|Any CPU.Build.0 = Debug|Any CPU
		{D600B08B-9DBB-4BCC-AF4D-A7BBEB670128}.Release|Any CPU.ActiveCfg = Release|Any CPU
		{D600B08B-9DBB-4BCC-AF4D-A7BBEB670128}.Release|Any CPU.Build.0 = Release|Any CPU
		{421AC3A2-F6BC-47F9-8B5C-C10D032E987E}.Debug|Any CPU.ActiveCfg = Debug|Any CPU
		{421AC3A2-F6BC-47F9-8B5C-C10D032E987E}.Debug|Any CPU.Build.0 = Debug|Any CPU
		{421AC3A2-F6BC-47F9-8B5C-C10D032E987E}.Release|Any CPU.ActiveCfg = Release|Any CPU
		{421AC3A2-F6BC-47F9-8B5C-C10D032E987E}.Release|Any CPU.Build.0 = Release|Any CPU
		{696DB6BE-CBBB-4BA4-AA69-5BE45DC9DE9B}.Debug|Any CPU.ActiveCfg = Debug|Any CPU
		{696DB6BE-CBBB-4BA4-AA69-5BE45DC9DE9B}.Debug|Any CPU.Build.0 = Debug|Any CPU
		{696DB6BE-CBBB-4BA4-AA69-5BE45DC9DE9B}.Release|Any CPU.ActiveCfg = Release|Any CPU
		{696DB6BE-CBBB-4BA4-AA69-5BE45DC9DE9B}.Release|Any CPU.Build.0 = Release|Any CPU
		{49B3C79E-3961-47A4-8847-13BB5B278347}.Debug|Any CPU.ActiveCfg = Debug|Any CPU
		{49B3C79E-3961-47A4-8847-13BB5B278347}.Debug|Any CPU.Build.0 = Debug|Any CPU
		{49B3C79E-3961-47A4-8847-13BB5B278347}.Release|Any CPU.ActiveCfg = Release|Any CPU
		{49B3C79E-3961-47A4-8847-13BB5B278347}.Release|Any CPU.Build.0 = Release|Any CPU
		{4AEE7950-36CF-48F2-8037-A9CEC55A4166}.Debug|Any CPU.ActiveCfg = Debug|Any CPU
		{4AEE7950-36CF-48F2-8037-A9CEC55A4166}.Debug|Any CPU.Build.0 = Debug|Any CPU
		{4AEE7950-36CF-48F2-8037-A9CEC55A4166}.Release|Any CPU.ActiveCfg = Release|Any CPU
		{4AEE7950-36CF-48F2-8037-A9CEC55A4166}.Release|Any CPU.Build.0 = Release|Any CPU
		{BFD19E0A-84BC-4B07-9920-855F6F18F4FF}.Debug|Any CPU.ActiveCfg = Debug|Any CPU
		{BFD19E0A-84BC-4B07-9920-855F6F18F4FF}.Debug|Any CPU.Build.0 = Debug|Any CPU
		{BFD19E0A-84BC-4B07-9920-855F6F18F4FF}.Release|Any CPU.ActiveCfg = Release|Any CPU
		{BFD19E0A-84BC-4B07-9920-855F6F18F4FF}.Release|Any CPU.Build.0 = Release|Any CPU
		{05EA38AE-7D7C-4905-8396-6AB404D56278}.Debug|Any CPU.ActiveCfg = Debug|Any CPU
		{05EA38AE-7D7C-4905-8396-6AB404D56278}.Debug|Any CPU.Build.0 = Debug|Any CPU
		{05EA38AE-7D7C-4905-8396-6AB404D56278}.Release|Any CPU.ActiveCfg = Release|Any CPU
		{05EA38AE-7D7C-4905-8396-6AB404D56278}.Release|Any CPU.Build.0 = Release|Any CPU
		{21CFC96E-A0CE-4C1B-9BBB-D7A652AC82E4}.Debug|Any CPU.ActiveCfg = Debug|Any CPU
		{21CFC96E-A0CE-4C1B-9BBB-D7A652AC82E4}.Debug|Any CPU.Build.0 = Debug|Any CPU
		{21CFC96E-A0CE-4C1B-9BBB-D7A652AC82E4}.Release|Any CPU.ActiveCfg = Release|Any CPU
		{21CFC96E-A0CE-4C1B-9BBB-D7A652AC82E4}.Release|Any CPU.Build.0 = Release|Any CPU
		{4C897A58-7BA3-4AD3-9C38-C0B742E0A14B}.Debug|Any CPU.ActiveCfg = Debug|Any CPU
		{4C897A58-7BA3-4AD3-9C38-C0B742E0A14B}.Debug|Any CPU.Build.0 = Debug|Any CPU
		{4C897A58-7BA3-4AD3-9C38-C0B742E0A14B}.Release|Any CPU.ActiveCfg = Release|Any CPU
		{4C897A58-7BA3-4AD3-9C38-C0B742E0A14B}.Release|Any CPU.Build.0 = Release|Any CPU
		{BB7401F2-D337-44BF-8A73-64D0F758DDC0}.Debug|Any CPU.ActiveCfg = Debug|Any CPU
		{BB7401F2-D337-44BF-8A73-64D0F758DDC0}.Debug|Any CPU.Build.0 = Debug|Any CPU
		{BB7401F2-D337-44BF-8A73-64D0F758DDC0}.Release|Any CPU.ActiveCfg = Release|Any CPU
		{BB7401F2-D337-44BF-8A73-64D0F758DDC0}.Release|Any CPU.Build.0 = Release|Any CPU
		{CE6D598B-176E-493C-B728-5213AB5A03E2}.Debug|Any CPU.ActiveCfg = Debug|Any CPU
		{CE6D598B-176E-493C-B728-5213AB5A03E2}.Debug|Any CPU.Build.0 = Debug|Any CPU
		{CE6D598B-176E-493C-B728-5213AB5A03E2}.Release|Any CPU.ActiveCfg = Release|Any CPU
		{CE6D598B-176E-493C-B728-5213AB5A03E2}.Release|Any CPU.Build.0 = Release|Any CPU
		{50DFA570-D725-4B85-A7F1-0AB0ADEFB187}.Debug|Any CPU.ActiveCfg = Debug|Any CPU
		{50DFA570-D725-4B85-A7F1-0AB0ADEFB187}.Debug|Any CPU.Build.0 = Debug|Any CPU
		{50DFA570-D725-4B85-A7F1-0AB0ADEFB187}.Release|Any CPU.ActiveCfg = Release|Any CPU
		{50DFA570-D725-4B85-A7F1-0AB0ADEFB187}.Release|Any CPU.Build.0 = Release|Any CPU
		{1AEB32C8-46B5-4D15-80C0-873890ABA5FA}.Debug|Any CPU.ActiveCfg = Debug|Any CPU
		{1AEB32C8-46B5-4D15-80C0-873890ABA5FA}.Debug|Any CPU.Build.0 = Debug|Any CPU
		{1AEB32C8-46B5-4D15-80C0-873890ABA5FA}.Release|Any CPU.ActiveCfg = Release|Any CPU
		{1AEB32C8-46B5-4D15-80C0-873890ABA5FA}.Release|Any CPU.Build.0 = Release|Any CPU
		{C186D0D4-4E72-476E-BC52-00D8DBEDAD46}.Debug|Any CPU.ActiveCfg = Debug|Any CPU
		{C186D0D4-4E72-476E-BC52-00D8DBEDAD46}.Debug|Any CPU.Build.0 = Debug|Any CPU
		{C186D0D4-4E72-476E-BC52-00D8DBEDAD46}.Release|Any CPU.ActiveCfg = Release|Any CPU
		{C186D0D4-4E72-476E-BC52-00D8DBEDAD46}.Release|Any CPU.Build.0 = Release|Any CPU
		{077250B2-8D10-44D1-A661-3723A2D08B42}.Debug|Any CPU.ActiveCfg = Debug|Any CPU
		{077250B2-8D10-44D1-A661-3723A2D08B42}.Debug|Any CPU.Build.0 = Debug|Any CPU
		{077250B2-8D10-44D1-A661-3723A2D08B42}.Release|Any CPU.ActiveCfg = Release|Any CPU
		{077250B2-8D10-44D1-A661-3723A2D08B42}.Release|Any CPU.Build.0 = Release|Any CPU
	EndGlobalSection
	GlobalSection(SolutionProperties) = preSolution
		HideSolutionNode = FALSE
	EndGlobalSection
	GlobalSection(NestedProjects) = preSolution
		{7E35B7EF-4A29-4AD9-8AB1-50AF4115D317} = {21BD9713-E148-49C1-B095-A583CC87EC8C}
		{C7974088-3CC5-4893-A979-1482892798D4} = {21BD9713-E148-49C1-B095-A583CC87EC8C}
		{2AA7DF13-99C5-4596-BCB5-F44D7F291B01} = {21BD9713-E148-49C1-B095-A583CC87EC8C}
		{D93F5C21-A811-4399-99A5-3FC983B81103} = {8F6AB9ED-E0A3-4E61-B0AE-00A319986DC6}
		{16AA378B-68FC-4C02-8DD1-CFEDBE410379} = {8F6AB9ED-E0A3-4E61-B0AE-00A319986DC6}
		{C3413835-E254-4ACE-9EFB-0822D53B1C0A} = {8F6AB9ED-E0A3-4E61-B0AE-00A319986DC6}
		{D600B08B-9DBB-4BCC-AF4D-A7BBEB670128} = {5D5F18E3-FA23-4B3D-B695-142AEAEF160E}
		{421AC3A2-F6BC-47F9-8B5C-C10D032E987E} = {5D5F18E3-FA23-4B3D-B695-142AEAEF160E}
		{696DB6BE-CBBB-4BA4-AA69-5BE45DC9DE9B} = {5D5F18E3-FA23-4B3D-B695-142AEAEF160E}
		{49B3C79E-3961-47A4-8847-13BB5B278347} = {93A642B2-660C-4B35-A749-726090A53745}
		{4AEE7950-36CF-48F2-8037-A9CEC55A4166} = {93A642B2-660C-4B35-A749-726090A53745}
		{BFD19E0A-84BC-4B07-9920-855F6F18F4FF} = {93A642B2-660C-4B35-A749-726090A53745}
		{05EA38AE-7D7C-4905-8396-6AB404D56278} = {BF5D01C3-3AB2-43B2-9EDE-C047308C8AFE}
		{21CFC96E-A0CE-4C1B-9BBB-D7A652AC82E4} = {BF5D01C3-3AB2-43B2-9EDE-C047308C8AFE}
		{4C897A58-7BA3-4AD3-9C38-C0B742E0A14B} = {BF5D01C3-3AB2-43B2-9EDE-C047308C8AFE}
		{BB7401F2-D337-44BF-8A73-64D0F758DDC0} = {B422EBAD-707A-421B-9EE2-C8DB05A56996}
		{CE6D598B-176E-493C-B728-5213AB5A03E2} = {B422EBAD-707A-421B-9EE2-C8DB05A56996}
		{50DFA570-D725-4B85-A7F1-0AB0ADEFB187} = {B422EBAD-707A-421B-9EE2-C8DB05A56996}
		{1AEB32C8-46B5-4D15-80C0-873890ABA5FA} = {AE4FBF9D-4B13-4251-8DD3-E65D8B292209}
		{C186D0D4-4E72-476E-BC52-00D8DBEDAD46} = {AE4FBF9D-4B13-4251-8DD3-E65D8B292209}
		{077250B2-8D10-44D1-A661-3723A2D08B42} = {AE4FBF9D-4B13-4251-8DD3-E65D8B292209}
	EndGlobalSection
	GlobalSection(ExtensibilityGlobals) = postSolution
		SolutionGuid = {1669296D-BB6E-4A0C-9215-FA9E227A879A}
	EndGlobalSection
EndGlobal
