
Microsoft Visual Studio Solution File, Format Version 12.00
# Visual Studio Version 17
VisualStudioVersion = 17.11.35303.130
MinimumVisualStudioVersion = 10.0.40219.1
Project("{2150E333-8FDC-42A3-9474-1A3956D46DE8}") = "Task0", "Task0", "{21BD9713-E148-49C1-B095-A583CC87EC8C}"
EndProject
Project("{9A19103F-16F7-4668-BE54-9A1E7A4F7556}") = "Tyuiu.BaldinAA.Sprint6.Task0.V21.Test", "Tyuiu.BaldinAA.Sprint6.Task0.V21.Test\Tyuiu.BaldinAA.Sprint6.Task0.V21.Test.csproj", "{7E35B7EF-4A29-4AD9-8AB1-50AF4115D317}"
EndProject
Project("{9A19103F-16F7-4668-BE54-9A1E7A4F7556}") = "Tyuiu.BaldinAA.Sprint6.Task0.V21.Lib", "Tyuiu.BaldinAA.Sprint6.Task0.V21.Lib\Tyuiu.BaldinAA.Sprint6.Task0.V21.Lib.csproj", "{C7974088-3CC5-4893-A979-1482892798D4}"
EndProject
Project("{9A19103F-16F7-4668-BE54-9A1E7A4F7556}") = "Tyuiu.BaldinAA.Sprint6.Task0.V21", "Tyuiu.BaldinAA.Sprint6.Task0.V21\Tyuiu.BaldinAA.Sprint6.Task0.V21.csproj", "{2AA7DF13-99C5-4596-BCB5-F44D7F291B01}"
EndProject
Project("{2150E333-8FDC-42A3-9474-1A3956D46DE8}") = "Task1", "Task1", "{8F6AB9ED-E0A3-4E61-B0AE-00A319986DC6}"
EndProject
Project("{9A19103F-16F7-4668-BE54-9A1E7A4F7556}") = "Tyuiu.BaldinAA.Sprint6.Task1.V19", "Tyuiu.BaldinAA.Sprint6.Task1.V19\Tyuiu.BaldinAA.Sprint6.Task1.V19.csproj", "{D93F5C21-A811-4399-99A5-3FC983B81103}"
EndProject
Project("{9A19103F-16F7-4668-BE54-9A1E7A4F7556}") = "Tyuiu.BaldinAA.Sprint6.Task1.V19.Lib", "Tyuiu.BaldinAA.Sprint6.Task1.V19.Lib\Tyuiu.BaldinAA.Sprint6.Task1.V19.Lib.csproj", "{16AA378B-68FC-4C02-8DD1-CFEDBE410379}"
EndProject
Project("{9A19103F-16F7-4668-BE54-9A1E7A4F7556}") = "Tyuiu.BaldinAA.Sprint6.Task1.V19.Test", "Tyuiu.BaldinAA.Sprint6.Task1.V19.Test\Tyuiu.BaldinAA.Sprint6.Task1.V19.Test.csproj", "{C3413835-E254-4ACE-9EFB-0822D53B1C0A}"
EndProject
Project("{2150E333-8FDC-42A3-9474-1A3956D46DE8}") = "Task2", "Task2", "{5D5F18E3-FA23-4B3D-B695-142AEAEF160E}"
EndProject
Project("{FAE04EC0-301F-11D3-BF4B-00C04F79EFBC}") = "Tyuiu.BaldinAA.Sprint6.Task2.V25", "Tyuiu.BaldinAA.Sprint6.Task2.V25\Tyuiu.BaldinAA.Sprint6.Task2.V25.csproj", "{D600B08B-9DBB-4BCC-AF4D-A7BBEB670128}"
EndProject
Project("{FAE04EC0-301F-11D3-BF4B-00C04F79EFBC}") = "Tyuiu.BaldinAA.Sprint6.Task2.V25.Lib", "Tyuiu.BaldinAA.Sprint6.Task2.V25.Lib\Tyuiu.BaldinAA.Sprint6.Task2.V25.Lib.csproj", "{421AC3A2-F6BC-47F9-8B5C-C10D032E987E}"
EndProject
Project("{FAE04EC0-301F-11D3-BF4B-00C04F79EFBC}") = "Tyuiu.BaldinAA.Sprint6.Task2.V25.Test", "Tyuiu.BaldinAA.Sprint6.Task2.V25.Test\Tyuiu.BaldinAA.Sprint6.Task2.V25.Test.csproj", "{696DB6BE-CBBB-4BA4-AA69-5BE45DC9DE9B}"
EndProject
Global
	GlobalSection(SolutionConfigurationPlatforms) = preSolution
		Debug|Any CPU = Debug|Any CPU
		Release|Any CPU = Release|Any CPU
	EndGlobalSection
	GlobalSection(ProjectConfigurationPlatforms) = postSolution
		{7E35B7EF-4A29-4AD9-8AB1-50AF4115D317}.Debug|Any CPU.ActiveCfg = Debug|Any CPU
		{7E35B7EF-4A29-4AD9-8AB1-50AF4115D317}.Debug|Any CPU.Build.0 = Debug|Any CPU
		{7E35B7EF-4A29-4AD9-8AB1-50AF4115D317}.Release|Any CPU.ActiveCfg = Release|Any CPU
		{7E35B7EF-4A29-4AD9-8AB1-50AF4115D317}.Release|Any CPU.Build.0 = Release|Any CPU
		{C7974088-3CC5-4893-A979-1482892798D4}.Debug|Any CPU.ActiveCfg = Debug|Any CPU
		{C7974088-3CC5-4893-A979-1482892798D4}.Debug|Any CPU.Build.0 = Debug|Any CPU
		{C7974088-3CC5-4893-A979-1482892798D4}.Release|Any CPU.ActiveCfg = Release|Any CPU
		{C7974088-3CC5-4893-A979-1482892798D4}.Release|Any CPU.Build.0 = Release|Any CPU
		{2AA7DF13-99C5-4596-BCB5-F44D7F291B01}.Debug|Any CPU.ActiveCfg = Debug|Any CPU
		{2AA7DF13-99C5-4596-BCB5-F44D7F291B01}.Debug|Any CPU.Build.0 = Debug|Any CPU
		{2AA7DF13-99C5-4596-BCB5-F44D7F291B01}.Release|Any CPU.ActiveCfg = Release|Any CPU
		{2AA7DF13-99C5-4596-BCB5-F44D7F291B01}.Release|Any CPU.Build.0 = Release|Any CPU
		{D93F5C21-A811-4399-99A5-3FC983B81103}.Debug|Any CPU.ActiveCfg = Debug|Any CPU
		{D93F5C21-A811-4399-99A5-3FC983B81103}.Debug|Any CPU.Build.0 = Debug|Any CPU
		{D93F5C21-A811-4399-99A5-3FC983B81103}.Release|Any CPU.ActiveCfg = Release|Any CPU
		{D93F5C21-A811-4399-99A5-3FC983B81103}.Release|Any CPU.Build.0 = Release|Any CPU
		{16AA378B-68FC-4C02-8DD1-CFEDBE410379}.Debug|Any CPU.ActiveCfg = Debug|Any CPU
		{16AA378B-68FC-4C02-8DD1-CFEDBE410379}.Debug|Any CPU.Build.0 = Debug|Any CPU
		{16AA378B-68FC-4C02-8DD1-CFEDBE410379}.Release|Any CPU.ActiveCfg = Release|Any CPU
		{16AA378B-68FC-4C02-8DD1-CFEDBE410379}.Release|Any CPU.Build.0 = Release|Any CPU
		{C3413835-E254-4ACE-9EFB-0822D53B1C0A}.Debug|Any CPU.ActiveCfg = Debug|Any CPU
		{C3413835-E254-4ACE-9EFB-0822D53B1C0A}.Debug|Any CPU.Build.0 = Debug|Any CPU
		{C3413835-E254-4ACE-9EFB-0822D53B1C0A}.Release|Any CPU.ActiveCfg = Release|Any CPU
		{C3413835-E254-4ACE-9EFB-0822D53B1C0A}.Release|Any CPU.Build.0 = Release|Any CPU
		{D600B08B-9DBB-4BCC-AF4D-A7BBEB670128}.Debug|Any CPU.ActiveCfg = Debug|Any CPU
		{D600B08B-9DBB-4BCC-AF4D-A7BBEB670128}.Debug|Any CPU.Build.0 = Debug|Any CPU
		{D600B08B-9DBB-4BCC-AF4D-A7BBEB670128}.Release|Any CPU.ActiveCfg = Release|Any CPU
		{D600B08B-9DBB-4BCC-AF4D-A7BBEB670128}.Release|Any CPU.Build.0 = Release|Any CPU
		{421AC3A2-F6BC-47F9-8B5C-C10D032E987E}.Debug|Any CPU.ActiveCfg = Debug|Any CPU
		{421AC3A2-F6BC-47F9-8B5C-C10D032E987E}.Debug|Any CPU.Build.0 = Debug|Any CPU
		{421AC3A2-F6BC-47F9-8B5C-C10D032E987E}.Release|Any CPU.ActiveCfg = Release|Any CPU
		{421AC3A2-F6BC-47F9-8B5C-C10D032E987E}.Release|Any CPU.Build.0 = Release|Any CPU
		{696DB6BE-CBBB-4BA4-AA69-5BE45DC9DE9B}.Debug|Any CPU.ActiveCfg = Debug|Any CPU
		{696DB6BE-CBBB-4BA4-AA69-5BE45DC9DE9B}.Debug|Any CPU.Build.0 = Debug|Any CPU
		{696DB6BE-CBBB-4BA4-AA69-5BE45DC9DE9B}.Release|Any CPU.ActiveCfg = Release|Any CPU
		{696DB6BE-CBBB-4BA4-AA69-5BE45DC9DE9B}.Release|Any CPU.Build.0 = Release|Any CPU
	EndGlobalSection
	GlobalSection(SolutionProperties) = preSolution
		HideSolutionNode = FALSE
	EndGlobalSection
	GlobalSection(NestedProjects) = preSolution
		{7E35B7EF-4A29-4AD9-8AB1-50AF4115D317} = {21BD9713-E148-49C1-B095-A583CC87EC8C}
		{C7974088-3CC5-4893-A979-1482892798D4} = {21BD9713-E148-49C1-B095-A583CC87EC8C}
		{2AA7DF13-99C5-4596-BCB5-F44D7F291B01} = {21BD9713-E148-49C1-B095-A583CC87EC8C}
		{D93F5C21-A811-4399-99A5-3FC983B81103} = {8F6AB9ED-E0A3-4E61-B0AE-00A319986DC6}
		{16AA378B-68FC-4C02-8DD1-CFEDBE410379} = {8F6AB9ED-E0A3-4E61-B0AE-00A319986DC6}
		{C3413835-E254-4ACE-9EFB-0822D53B1C0A} = {8F6AB9ED-E0A3-4E61-B0AE-00A319986DC6}
		{D600B08B-9DBB-4BCC-AF4D-A7BBEB670128} = {5D5F18E3-FA23-4B3D-B695-142AEAEF160E}
		{421AC3A2-F6BC-47F9-8B5C-C10D032E987E} = {5D5F18E3-FA23-4B3D-B695-142AEAEF160E}
		{696DB6BE-CBBB-4BA4-AA69-5BE45DC9DE9B} = {5D5F18E3-FA23-4B3D-B695-142AEAEF160E}
	EndGlobalSection
	GlobalSection(ExtensibilityGlobals) = postSolution
		SolutionGuid = {1669296D-BB6E-4A0C-9215-FA9E227A879A}
	EndGlobalSection
EndGlobal
